{
  "nodes": {
    "nixpkgs": {
      "locked": {
        "lastModified": 1710159071,
        "narHash": "sha256-CT0WKgcmlcWZPZL/sSSICN/Vbm4Of0ZDgxc0GFf6sYU=",
        "owner": "NixOS",
        "repo": "nixpkgs",
        "rev": "0fbcc4b2e8571f4af39be41752581ea09dd9ab06",
        "type": "github"
      },
      "original": {
        "owner": "NixOS",
        "ref": "nixpkgs-unstable",
        "repo": "nixpkgs",
        "type": "github"
      }
    },
    "nixpkgs-stable": {
      "locked": {
        "lastModified": 1710159071,
        "narHash": "sha256-CT0WKgcmlcWZPZL/sSSICN/Vbm4Of0ZDgxc0GFf6sYU=",
        "owner": "NixOS",
        "repo": "nixpkgs",
        "rev": "0fbcc4b2e8571f4af39be41752581ea09dd9ab06",
        "type": "github"
      },
      "original": {
        "owner": "NixOS",
        "ref": "nixos-24.11",
        "repo": "nixpkgs",
        "type": "github"
      }
    },
    "rust-overlay": {
      "inputs": {
        "nixpkgs": ["nixpkgs-stable"]
      },
      "locked": {
        "lastModified": 1700000000,
        "narHash": "sha256-BBBBBBBBBBBBBBBBBBBBBBBBBBBBBBBBBBBBBBBBBBB=",
        "owner": "oxalica",
        "repo": "rust-overlay",
        "rev": "1111111111111111111111111111111111111111",
        "type": "github"
      },
      "original": {
        "owner": "oxalica",
        "repo": "rust-overlay",
        "type": "github"
      }
    },
    "root": {
      "inputs": {
        "nixpkgs": "nixpkgs",
        "nixpkgs-stable": "nixpkgs-stable",
        "rust-overlay": "rust-overlay"
      }
    }
  },
  "root": "root",
  "version": 7
}
