{
  "nodes": {
    "nixpkgs": {
      "locked": {
        "lastModified": 1710159071,
        "narHash": "sha256-CT0WKgcmlcWZPZL/sSSICN/Vbm4Of0ZDgxc0GFf6sYU=",
        "owner": "NixOS",
        "repo": "nixpkgs",
        "rev": "0fbcc4b2e8571f4af39be41752581ea09dd9ab06",
        "type": "github"
      },
      "original": {
        "owner": "NixOS",
        "ref": "nixpkgs-unstable",
        "repo": "nixpkgs",
        "type": "github"
      }
    },
    "flake-utils": {
      "locked": {
        "lastModified": 1710146030,
        "narHash": "sha256-SZ5L6eA7HJ/nmkzGG7/ISclqe6oZdOZTNoesiInkXPQ=",
        "owner": "numtide",
        "repo": "flake-utils",
        "rev": "b1d9ab70662946ef0850d488da1c9019f3a9752a",
        "type": "github"
      },
      "original": {
        "owner": "numtide",
        "repo": "flake-utils",
        "type": "github"
      }
    },
    "devenv": {
      "inputs": {
        "nixpkgs": ["nixpkgs"]
      },
      "locked": {
        "lastModified": 1700000000,
        "narHash": "sha256-AAAAAAAAAAAAAAAAAAAAAAAAAAAAAAAAAAAAAAAAAAA=",
        "owner": "cachix",
        "repo": "devenv",
        "rev": "0000000000000000000000000000000000000000",
        "type": "github"
      },
      "original": {
        "owner": "cachix",
        "repo": "devenv",
        "type": "github"
      }
    },
    "root": {
      "inputs": {
        "nixpkgs": "nixpkgs",
        "flake-utils": "flake-utils",
        "devenv": "devenv"
      }
    }
  },
  "root": "root",
  "version": 7
}
