{
  "nodes": {
    "child": {
      "locked": {
        "lastModified": 1700000000,
        "narHash": "sha256-AAAAAAAAAAAAAAAAAAAAAAAAAAAAAAAAAAAAAAAAAAA=",
        "owner": "foo",
        "repo": "child",
        "rev": "1111111111111111111111111111111111111111",
        "type": "github"
      },
      "original": {
        "owner": "foo",
        "repo": "child",
        "type": "github"
      }
    },
    "consumer": {
      "inputs": {
        "child": [
          "parent",
          "child"
        ],
        "nixpkgs": "nixpkgs_2"
      },
      "locked": {
        "lastModified": 1700000001,
        "narHash": "sha256-BBBBBBBBBBBBBBBBBBBBBBBBBBBBBBBBBBBBBBBBBBA=",
        "owner": "foo",
        "repo": "consumer",
        "rev": "2222222222222222222222222222222222222222",
        "type": "github"
      },
      "original": {
        "owner": "foo",
        "repo": "consumer",
        "type": "github"
      }
    },
    "nixpkgs": {
      "locked": {
        "lastModified": 1700000002,
        "narHash": "sha256-CCCCCCCCCCCCCCCCCCCCCCCCCCCCCCCCCCCCCCCCCCA=",
        "owner": "NixOS",
        "repo": "nixpkgs",
        "rev": "3333333333333333333333333333333333333333",
        "type": "github"
      },
      "original": {
        "owner": "NixOS",
        "ref": "nixos-unstable",
        "repo": "nixpkgs",
        "type": "github"
      }
    },
    "nixpkgs_2": {
      "locked": {
        "lastModified": 1700000004,
        "narHash": "sha256-EEEEEEEEEEEEEEEEEEEEEEEEEEEEEEEEEEEEEEEEEEA=",
        "owner": "NixOS",
        "repo": "nixpkgs",
        "rev": "5555555555555555555555555555555555555555",
        "type": "github"
      },
      "original": {
        "owner": "NixOS",
        "ref": "nixos-unstable",
        "repo": "nixpkgs",
        "type": "github"
      }
    },
    "parent": {
      "inputs": {
        "child": "child"
      },
      "locked": {
        "lastModified": 1700000003,
        "narHash": "sha256-DDDDDDDDDDDDDDDDDDDDDDDDDDDDDDDDDDDDDDDDDDA=",
        "owner": "foo",
        "repo": "parent",
        "rev": "4444444444444444444444444444444444444444",
        "type": "github"
      },
      "original": {
        "owner": "foo",
        "repo": "parent",
        "type": "github"
      }
    },
    "root": {
      "inputs": {
        "consumer": "consumer",
        "nixpkgs": "nixpkgs",
        "parent": "parent"
      }
    }
  },
  "root": "root",
  "version": 7
}
