{
  "nodes": {
    "nixpkgs": {
      "locked": {
        "lastModified": 1700000000,
        "narHash": "sha256-AAAAAAAAAAAAAAAAAAAAAAAAAAAAAAAAAAAAAAAAAAA=",
        "owner": "NixOS",
        "repo": "nixpkgs",
        "rev": "1111111111111111111111111111111111111111",
        "type": "github"
      },
      "original": {
        "owner": "NixOS",
        "ref": "nixos-unstable",
        "repo": "nixpkgs",
        "type": "github"
      }
    },
    "systems": {
      "locked": {
        "lastModified": 1700000001,
        "narHash": "sha256-BBBBBBBBBBBBBBBBBBBBBBBBBBBBBBBBBBBBBBBBBBA=",
        "owner": "nix-systems",
        "repo": "default",
        "rev": "2222222222222222222222222222222222222222",
        "type": "github"
      },
      "original": {
        "owner": "nix-systems",
        "repo": "default",
        "type": "github"
      }
    },
    "treefmt-nix": {
      "inputs": {
        "nixpkgs": [
          "nixpkgs"
        ]
      },
      "locked": {
        "lastModified": 1700000002,
        "narHash": "sha256-CCCCCCCCCCCCCCCCCCCCCCCCCCCCCCCCCCCCCCCCCCA=",
        "owner": "numtide",
        "repo": "treefmt-nix",
        "rev": "3333333333333333333333333333333333333333",
        "type": "github"
      },
      "original": {
        "owner": "numtide",
        "repo": "treefmt-nix",
        "type": "github"
      }
    },
    "treefmt-nix_2": {
      "locked": {
        "lastModified": 1700000003,
        "narHash": "sha256-DDDDDDDDDDDDDDDDDDDDDDDDDDDDDDDDDDDDDDDDDDA=",
        "owner": "numtide",
        "repo": "treefmt-nix",
        "rev": "4444444444444444444444444444444444444444",
        "type": "github"
      },
      "original": {
        "owner": "numtide",
        "repo": "treefmt-nix",
        "type": "github"
      }
    },
    "data-mesher": {
      "inputs": {
        "treefmt-nix": "treefmt-nix_2"
      },
      "locked": {
        "lastModified": 1700000004,
        "narHash": "sha256-EEEEEEEEEEEEEEEEEEEEEEEEEEEEEEEEEEEEEEEEEEA=",
        "owner": "clan-lol",
        "repo": "data-mesher",
        "rev": "5555555555555555555555555555555555555555",
        "type": "github"
      },
      "original": {
        "owner": "clan-lol",
        "repo": "data-mesher",
        "type": "github"
      }
    },
    "clan-core": {
      "inputs": {
        "nixpkgs": [
          "nixpkgs"
        ],
        "treefmt-nix": [
          "systems"
        ],
        "data-mesher": "data-mesher"
      },
      "locked": {
        "lastModified": 1700000005,
        "narHash": "sha256-FFFFFFFFFFFFFFFFFFFFFFFFFFFFFFFFFFFFFFFFFFA=",
        "owner": "clan-lol",
        "repo": "clan-core",
        "rev": "6666666666666666666666666666666666666666",
        "type": "github"
      },
      "original": {
        "owner": "clan-lol",
        "repo": "clan-core",
        "type": "github"
      }
    },
    "root": {
      "inputs": {
        "nixpkgs": "nixpkgs",
        "systems": "systems",
        "treefmt-nix": "treefmt-nix",
        "clan-core": "clan-core"
      }
    }
  },
  "root": "root",
  "version": 7
}
