{
  "nodes": {
    "base16": {
      "inputs": {
        "fromYaml": "fromYaml"
      },
      "locked": {
        "lastModified": 1746562888,
        "narHash": "sha256-YgNJQyB5dQiwavdDFBMNKk1wyS77AtdgDk/VtU6wEaI=",
        "owner": "SenchoPens",
        "repo": "base16.nix",
        "rev": "806a1777a5db2a1ef9d5d6f493ef2381047f2b89",
        "type": "github"
      },
      "original": {
        "owner": "SenchoPens",
        "repo": "base16.nix",
        "type": "github"
      }
    },
    "base16-fish": {
      "flake": false,
      "locked": {
        "lastModified": 1622559957,
        "narHash": "sha256-PebymhVYbL8trDVVXxCvZgc0S5VxI7I1Hv4RMSquTpA=",
        "owner": "tomyun",
        "repo": "base16-fish",
        "rev": "2f6dd973a9075dabccd26f1cded09508180bf5fe",
        "type": "github"
      },
      "original": {
        "owner": "tomyun",
        "repo": "base16-fish",
        "type": "github"
      }
    },
    "base16-helix": {
      "flake": false,
      "locked": {
        "lastModified": 1748408240,
        "narHash": "sha256-9M2b1rMyMzJK0eusea0x3lyh3mu5nMeEDSc4RZkGm+g=",
        "owner": "tinted-theming",
        "repo": "base16-helix",
        "rev": "6c711ab1a9db6f51e2f6887cc3345530b33e152e",
        "type": "github"
      },
      "original": {
        "owner": "tinted-theming",
        "repo": "base16-helix",
        "type": "github"
      }
    },
    "base16-vim": {
      "flake": false,
      "locked": {
        "lastModified": 1732806396,
        "narHash": "sha256-e0bpPySdJf0F68Ndanwm+KWHgQiZ0s7liLhvJSWDNsA=",
        "owner": "tinted-theming",
        "repo": "base16-vim",
        "rev": "577fe8125d74ff456cf942c733a85d769afe58b7",
        "type": "github"
      },
      "original": {
        "owner": "tinted-theming",
        "repo": "base16-vim",
        "rev": "577fe8125d74ff456cf942c733a85d769afe58b7",
        "type": "github"
      }
    },
    "buildbot-nix": {
      "inputs": {
        "flake-parts": "flake-parts",
        "hercules-ci-effects": "hercules-ci-effects",
        "nixpkgs": [
          "nixpkgs"
        ],
        "treefmt-nix": "treefmt-nix"
      },
      "locked": {
        "lastModified": 1764831189,
        "narHash": "sha256-2NRU2bbvHSTcByYlKd7XeG6wgvLSate26v6vesPxGL8=",
        "owner": "DavHau",
        "repo": "buildbot-nix",
        "rev": "16daf39c6a0affc0d414a85253bc394cb4d6ca22",
        "type": "github"
      },
      "original": {
        "owner": "DavHau",
        "ref": "anon-control",
        "repo": "buildbot-nix",
        "type": "github"
      }
    },
    "clan-core": {
      "inputs": {
        "data-mesher": "data-mesher",
        "disko": "disko",
        "flake-parts": "flake-parts_2",
        "nix-darwin": "nix-darwin",
        "nix-select": "nix-select",
        "nixos-facter-modules": "nixos-facter-modules",
        "nixpkgs": [
          "nixpkgs"
        ],
        "sops-nix": "sops-nix",
        "systems": "systems",
        "treefmt-nix": "treefmt-nix_2"
      },
      "locked": {
        "lastModified": 1765843783,
        "narHash": "sha256-w6YKl4cePSe/JQMpswzdo8BBLNOqZ0RPXrp0YToeEXE=",
        "ref": "refs/heads/main",
        "rev": "ba0d5dd90304ec89266773ff92edb4ced1e1e8f5",
        "revCount": 11630,
        "type": "git",
        "url": "https://git.clan.lol/clan/clan-core"
      },
      "original": {
        "type": "git",
        "url": "https://git.clan.lol/clan/clan-core"
      }
    },
    "data-mesher": {
      "inputs": {
        "flake-parts": [
          "clan-core",
          "flake-parts"
        ],
        "nixpkgs": [
          "clan-core",
          "nixpkgs"
        ],
        "treefmt-nix": [
          "clan-core",
          "treefmt-nix"
        ]
      },
      "locked": {
        "lastModified": 1765768061,
        "narHash": "sha256-RZ/ocDUJ3WPr2KcDc2MB6Fu+ZPqzwsMKQ16XxqrPi+o=",
        "rev": "53351f9953ecf9dbe18795b4784abe53b14e6eee",
        "type": "tarball",
        "url": "https://git.clan.lol/api/v1/repos/clan/data-mesher/archive/53351f9953ecf9dbe18795b4784abe53b14e6eee.tar.gz"
      },
      "original": {
        "type": "tarball",
        "url": "https://git.clan.lol/clan/data-mesher/archive/main.tar.gz"
      }
    },
    "disko": {
      "inputs": {
        "nixpkgs": [
          "clan-core",
          "nixpkgs"
        ]
      },
      "locked": {
        "lastModified": 1765794845,
        "narHash": "sha256-YD5QWlGnusNbZCqR3pxG8tRxx9yUXayLZfAJRWspq2s=",
        "owner": "nix-community",
        "repo": "disko",
        "rev": "7194cfe5b7a3660726b0fe7296070eaef601cae9",
        "type": "github"
      },
      "original": {
        "owner": "nix-community",
        "repo": "disko",
        "type": "github"
      }
    },
    "disko_2": {
      "inputs": {
        "nixpkgs": [
          "nixpkgs"
        ]
      },
      "locked": {
        "lastModified": 1751854533,
        "narHash": "sha256-U/OQFplExOR1jazZY4KkaQkJqOl59xlh21HP9mI79Vc=",
        "owner": "nix-community",
        "repo": "disko",
        "rev": "16b74a1e304197248a1bc663280f2548dbfcae3c",
        "type": "github"
      },
      "original": {
        "owner": "nix-community",
        "repo": "disko",
        "type": "github"
      }
    },
    "easytier": {
      "flake": false,
      "locked": {
        "lastModified": 1753752647,
        "narHash": "sha256-RhPoogOGTaItlinEhMGZtFJsaC947TtuGk25iV5LMZo=",
        "owner": "EasyTier",
        "repo": "EasyTier",
        "rev": "2ec88da82329db26344679573783106bb210d60d",
        "type": "github"
      },
      "original": {
        "owner": "EasyTier",
        "repo": "EasyTier",
        "type": "github"
      }
    },
    "envfs": {
      "inputs": {
        "flake-parts": "flake-parts_3",
        "nixpkgs": [
          "nixpkgs"
        ],
        "treefmt-nix": "treefmt-nix_3"
      },
      "locked": {
        "lastModified": 1750727754,
        "narHash": "sha256-Jkl9YSIDqZqmymdChoiZAmbdps7JIAcfgszZ1YCoGPk=",
        "owner": "Mic92",
        "repo": "envfs",
        "rev": "5e51a84f22679426402eb2ad8f96120185e1306d",
        "type": "github"
      },
      "original": {
        "owner": "Mic92",
        "repo": "envfs",
        "type": "github"
      }
    },
    "firefox-gnome-theme": {
      "flake": false,
      "locked": {
        "lastModified": 1748383148,
        "narHash": "sha256-pGvD/RGuuPf/4oogsfeRaeMm6ipUIznI2QSILKjKzeA=",
        "owner": "rafaelmardojai",
        "repo": "firefox-gnome-theme",
        "rev": "4eb2714fbed2b80e234312611a947d6cb7d70caf",
        "type": "github"
      },
      "original": {
        "owner": "rafaelmardojai",
        "repo": "firefox-gnome-theme",
        "type": "github"
      }
    },
    "flake-compat": {
      "flake": false,
      "locked": {
        "lastModified": 1747046372,
        "narHash": "sha256-CIVLLkVgvHYbgI2UpXvIIBJ12HWgX+fjA8Xf8PUmqCY=",
        "owner": "edolstra",
        "repo": "flake-compat",
        "rev": "9100a0f413b0c601e0533d1d94ffd501ce2e7885",
        "type": "github"
      },
      "original": {
        "owner": "edolstra",
        "repo": "flake-compat",
        "type": "github"
      }
    },
    "flake-compat_2": {
      "flake": false,
      "locked": {
        "lastModified": 1733328505,
        "narHash": "sha256-NeCCThCEP3eCl2l/+27kNNK7QrwZB1IJCrXfrbv5oqU=",
        "owner": "edolstra",
        "repo": "flake-compat",
        "rev": "ff81ac966bb2cae68946d5ed5fc4994f96d0ffec",
        "type": "github"
      },
      "original": {
        "owner": "edolstra",
        "repo": "flake-compat",
        "type": "github"
      }
    },
    "flake-compat_3": {
      "flake": false,
      "locked": {
        "lastModified": 1733328505,
        "narHash": "sha256-NeCCThCEP3eCl2l/+27kNNK7QrwZB1IJCrXfrbv5oqU=",
        "owner": "edolstra",
        "repo": "flake-compat",
        "rev": "ff81ac966bb2cae68946d5ed5fc4994f96d0ffec",
        "type": "github"
      },
      "original": {
        "owner": "edolstra",
        "repo": "flake-compat",
        "type": "github"
      }
    },
    "flake-compat_4": {
      "flake": false,
      "locked": {
        "lastModified": 1733328505,
        "narHash": "sha256-NeCCThCEP3eCl2l/+27kNNK7QrwZB1IJCrXfrbv5oqU=",
        "owner": "edolstra",
        "repo": "flake-compat",
        "rev": "ff81ac966bb2cae68946d5ed5fc4994f96d0ffec",
        "type": "github"
      },
      "original": {
        "owner": "edolstra",
        "repo": "flake-compat",
        "type": "github"
      }
    },
    "flake-parts": {
      "inputs": {
        "nixpkgs-lib": [
          "buildbot-nix",
          "nixpkgs"
        ]
      },
      "locked": {
        "lastModified": 1756770412,
        "narHash": "sha256-+uWLQZccFHwqpGqr2Yt5VsW/PbeJVTn9Dk6SHWhNRPw=",
        "owner": "hercules-ci",
        "repo": "flake-parts",
        "rev": "4524271976b625a4a605beefd893f270620fd751",
        "type": "github"
      },
      "original": {
        "owner": "hercules-ci",
        "repo": "flake-parts",
        "type": "github"
      }
    },
    "flake-parts_10": {
      "inputs": {
        "nixpkgs-lib": [
          "stylix",
          "nixpkgs"
        ]
      },
      "locked": {
        "lastModified": 1743550720,
        "narHash": "sha256-hIshGgKZCgWh6AYJpJmRgFdR3WUbkY04o82X05xqQiY=",
        "owner": "hercules-ci",
        "repo": "flake-parts",
        "rev": "c621e8422220273271f52058f618c94e405bb0f5",
        "type": "github"
      },
      "original": {
        "owner": "hercules-ci",
        "repo": "flake-parts",
        "type": "github"
      }
    },
    "flake-parts_2": {
      "inputs": {
        "nixpkgs-lib": [
          "clan-core",
          "nixpkgs"
        ]
      },
      "locked": {
        "lastModified": 1765835352,
        "narHash": "sha256-XswHlK/Qtjasvhd1nOa1e8MgZ8GS//jBoTqWtrS1Giw=",
        "owner": "hercules-ci",
        "repo": "flake-parts",
        "rev": "a34fae9c08a15ad73f295041fec82323541400a9",
        "type": "github"
      },
      "original": {
        "owner": "hercules-ci",
        "repo": "flake-parts",
        "type": "github"
      }
    },
    "flake-parts_3": {
      "inputs": {
        "nixpkgs-lib": [
          "envfs",
          "nixpkgs"
        ]
      },
      "locked": {
        "lastModified": 1709336216,
        "narHash": "sha256-Dt/wOWeW6Sqm11Yh+2+t0dfEWxoMxGBvv3JpIocFl9E=",
        "owner": "hercules-ci",
        "repo": "flake-parts",
        "rev": "f7b3c975cf067e56e7cda6cb098ebe3fb4d74ca2",
        "type": "github"
      },
      "original": {
        "owner": "hercules-ci",
        "repo": "flake-parts",
        "type": "github"
      }
    },
    "flake-parts_4": {
      "inputs": {
        "nixpkgs-lib": [
          "nixpkgs"
        ]
      },
      "locked": {
        "lastModified": 1751413152,
        "narHash": "sha256-Tyw1RjYEsp5scoigs1384gIg6e0GoBVjms4aXFfRssQ=",
        "owner": "hercules-ci",
        "repo": "flake-parts",
        "rev": "77826244401ea9de6e3bac47c2db46005e1f30b5",
        "type": "github"
      },
      "original": {
        "owner": "hercules-ci",
        "repo": "flake-parts",
        "type": "github"
      }
    },
    "flake-parts_5": {
      "inputs": {
        "nixpkgs-lib": [
          "hyprspace",
          "nixpkgs"
        ]
      },
      "locked": {
        "lastModified": 1749398372,
        "narHash": "sha256-tYBdgS56eXYaWVW3fsnPQ/nFlgWi/Z2Ymhyu21zVM98=",
        "owner": "hercules-ci",
        "repo": "flake-parts",
        "rev": "9305fe4e5c2a6fcf5ba6a3ff155720fbe4076569",
        "type": "github"
      },
      "original": {
        "owner": "hercules-ci",
        "repo": "flake-parts",
        "type": "github"
      }
    },
    "flake-parts_6": {
      "inputs": {
        "nixpkgs-lib": [
          "nix",
          "nixpkgs"
        ]
      },
      "locked": {
        "lastModified": 1733312601,
        "narHash": "sha256-4pDvzqnegAfRkPwO3wmwBhVi/Sye1mzps0zHWYnP88c=",
        "owner": "hercules-ci",
        "repo": "flake-parts",
        "rev": "205b12d8b7cd4802fbcb8e8ef6a0f1408781a4f9",
        "type": "github"
      },
      "original": {
        "owner": "hercules-ci",
        "repo": "flake-parts",
        "type": "github"
      }
    },
    "flake-parts_7": {
      "inputs": {
        "nixpkgs-lib": [
          "nix-lazy",
          "nixpkgs"
        ]
      },
      "locked": {
        "lastModified": 1733312601,
        "narHash": "sha256-4pDvzqnegAfRkPwO3wmwBhVi/Sye1mzps0zHWYnP88c=",
        "owner": "hercules-ci",
        "repo": "flake-parts",
        "rev": "205b12d8b7cd4802fbcb8e8ef6a0f1408781a4f9",
        "type": "github"
      },
      "original": {
        "owner": "hercules-ci",
        "repo": "flake-parts",
        "type": "github"
      }
    },
    "flake-parts_8": {
      "inputs": {
        "nixpkgs-lib": [
          "nix-multi",
          "nixpkgs"
        ]
      },
      "locked": {
        "lastModified": 1733312601,
        "narHash": "sha256-4pDvzqnegAfRkPwO3wmwBhVi/Sye1mzps0zHWYnP88c=",
        "owner": "hercules-ci",
        "repo": "flake-parts",
        "rev": "205b12d8b7cd4802fbcb8e8ef6a0f1408781a4f9",
        "type": "github"
      },
      "original": {
        "owner": "hercules-ci",
        "repo": "flake-parts",
        "type": "github"
      }
    },
    "flake-parts_9": {
      "inputs": {
        "nixpkgs-lib": [
          "nixvim",
          "nixpkgs"
        ]
      },
      "locked": {
        "lastModified": 1751413152,
        "narHash": "sha256-Tyw1RjYEsp5scoigs1384gIg6e0GoBVjms4aXFfRssQ=",
        "owner": "hercules-ci",
        "repo": "flake-parts",
        "rev": "77826244401ea9de6e3bac47c2db46005e1f30b5",
        "type": "github"
      },
      "original": {
        "owner": "hercules-ci",
        "repo": "flake-parts",
        "type": "github"
      }
    },
    "flake-utils": {
      "inputs": {
        "systems": "systems_2"
      },
      "locked": {
        "lastModified": 1731533236,
        "narHash": "sha256-l0KFg5HjrsfsO/JpG+r7fRrqm12kzFHyUHqHCVpMMbI=",
        "owner": "numtide",
        "repo": "flake-utils",
        "rev": "11707dc2f618dd54ca8739b309ec4fc024de578b",
        "type": "github"
      },
      "original": {
        "owner": "numtide",
        "repo": "flake-utils",
        "type": "github"
      }
    },
    "flake-utils_2": {
      "inputs": {
        "systems": "systems_3"
      },
      "locked": {
        "lastModified": 1710146030,
        "narHash": "sha256-SZ5L6eA7HJ/nmkzGG7/ISclqe6oZdOZTNoesiInkXPQ=",
        "owner": "numtide",
        "repo": "flake-utils",
        "rev": "b1d9ab70662946ef0850d488da1c9019f3a9752a",
        "type": "github"
      },
      "original": {
        "owner": "numtide",
        "repo": "flake-utils",
        "type": "github"
      }
    },
    "flake-utils_3": {
      "inputs": {
        "systems": "systems_4"
      },
      "locked": {
        "lastModified": 1731533236,
        "narHash": "sha256-l0KFg5HjrsfsO/JpG+r7fRrqm12kzFHyUHqHCVpMMbI=",
        "owner": "numtide",
        "repo": "flake-utils",
        "rev": "11707dc2f618dd54ca8739b309ec4fc024de578b",
        "type": "github"
      },
      "original": {
        "owner": "numtide",
        "repo": "flake-utils",
        "type": "github"
      }
    },
    "fromYaml": {
      "flake": false,
      "locked": {
        "lastModified": 1731966426,
        "narHash": "sha256-lq95WydhbUTWig/JpqiB7oViTcHFP8Lv41IGtayokA8=",
        "owner": "SenchoPens",
        "repo": "fromYaml",
        "rev": "106af9e2f715e2d828df706c386a685698f3223b",
        "type": "github"
      },
      "original": {
        "owner": "SenchoPens",
        "repo": "fromYaml",
        "type": "github"
      }
    },
    "git-hooks-nix": {
      "inputs": {
        "flake-compat": [
          "nix"
        ],
        "gitignore": [
          "nix"
        ],
        "nixpkgs": [
          "nix",
          "nixpkgs"
        ],
        "nixpkgs-stable": [
          "nix",
          "nixpkgs"
        ]
      },
      "locked": {
        "lastModified": 1734279981,
        "narHash": "sha256-NdaCraHPp8iYMWzdXAt5Nv6sA3MUzlCiGiR586TCwo0=",
        "owner": "cachix",
        "repo": "git-hooks.nix",
        "rev": "aa9f40c906904ebd83da78e7f328cd8aeaeae785",
        "type": "github"
      },
      "original": {
        "owner": "cachix",
        "repo": "git-hooks.nix",
        "type": "github"
      }
    },
    "git-hooks-nix_2": {
      "inputs": {
        "flake-compat": [
          "nix-lazy"
        ],
        "gitignore": [
          "nix-lazy"
        ],
        "nixpkgs": [
          "nix-lazy",
          "nixpkgs"
        ],
        "nixpkgs-stable": [
          "nix-lazy",
          "nixpkgs"
        ]
      },
      "locked": {
        "lastModified": 1734279981,
        "narHash": "sha256-NdaCraHPp8iYMWzdXAt5Nv6sA3MUzlCiGiR586TCwo0=",
        "owner": "cachix",
        "repo": "git-hooks.nix",
        "rev": "aa9f40c906904ebd83da78e7f328cd8aeaeae785",
        "type": "github"
      },
      "original": {
        "owner": "cachix",
        "repo": "git-hooks.nix",
        "type": "github"
      }
    },
    "git-hooks-nix_3": {
      "inputs": {
        "flake-compat": [
          "nix-multi"
        ],
        "gitignore": [
          "nix-multi"
        ],
        "nixpkgs": [
          "nix-multi",
          "nixpkgs"
        ],
        "nixpkgs-stable": [
          "nix-multi",
          "nixpkgs"
        ]
      },
      "locked": {
        "lastModified": 1734279981,
        "narHash": "sha256-NdaCraHPp8iYMWzdXAt5Nv6sA3MUzlCiGiR586TCwo0=",
        "owner": "cachix",
        "repo": "git-hooks.nix",
        "rev": "aa9f40c906904ebd83da78e7f328cd8aeaeae785",
        "type": "github"
      },
      "original": {
        "owner": "cachix",
        "repo": "git-hooks.nix",
        "type": "github"
      }
    },
    "gnome-shell": {
      "flake": false,
      "locked": {
        "lastModified": 1748186689,
        "narHash": "sha256-UaD7Y9f8iuLBMGHXeJlRu6U1Ggw5B9JnkFs3enZlap0=",
        "owner": "GNOME",
        "repo": "gnome-shell",
        "rev": "8c88f917db0f1f0d80fa55206c863d3746fa18d0",
        "type": "github"
      },
      "original": {
        "owner": "GNOME",
        "ref": "48.2",
        "repo": "gnome-shell",
        "type": "github"
      }
    },
    "hercules-ci-effects": {
      "inputs": {
        "flake-parts": [
          "buildbot-nix",
          "flake-parts"
        ],
        "nixpkgs": [
          "buildbot-nix",
          "nixpkgs"
        ]
      },
      "locked": {
        "lastModified": 1758022363,
        "narHash": "sha256-ENUhCRWgSX4ni751HieNuQoq06dJvApV/Nm89kh+/A0=",
        "owner": "hercules-ci",
        "repo": "hercules-ci-effects",
        "rev": "1a3667d33e247ad35ca250698d63f49a5453d824",
        "type": "github"
      },
      "original": {
        "owner": "hercules-ci",
        "repo": "hercules-ci-effects",
        "type": "github"
      }
    },
    "hercules-ci-effects_2": {
      "inputs": {
        "flake-parts": [
          "hyprspace",
          "flake-parts"
        ],
        "nixpkgs": [
          "hyprspace",
          "nixpkgs"
        ]
      },
      "locked": {
        "lastModified": 1751406060,
        "narHash": "sha256-xlxgYZ0eCnr9ikQuM5VuD8rUjLdbGzSKgF2EoRKDn/8=",
        "owner": "max-privatevoid",
        "repo": "hercules-ci-effects",
        "rev": "b8127446a483cfd91495037e343b592662033188",
        "type": "github"
      },
      "original": {
        "owner": "max-privatevoid",
        "ref": "pr/skip-if-exists",
        "repo": "hercules-ci-effects",
        "type": "github"
      }
    },
    "home-manager": {
      "inputs": {
        "nixpkgs": [
          "nixpkgs"
        ]
      },
      "locked": {
        "lastModified": 1759172751,
        "narHash": "sha256-E8W8sRXfrvkFW26GuuiWq6QfReU7m5+cngwHuRo/3jc=",
        "owner": "nix-community",
        "repo": "home-manager",
        "rev": "12fa8548feefa9a10266ba65152fd1a787cdde8f",
        "type": "github"
      },
      "original": {
        "owner": "nix-community",
        "repo": "home-manager",
        "type": "github"
      }
    },
    "hyprspace": {
      "inputs": {
        "flake-parts": "flake-parts_5",
        "hercules-ci-effects": "hercules-ci-effects_2",
        "nixpkgs": [
          "nixpkgs"
        ]
      },
      "locked": {
        "lastModified": 1751407610,
        "narHash": "sha256-Lv/Mb7vj1bUj5TajIdM6bu8299y+B3sZfE6xlA6sXcM=",
        "owner": "hyprspace",
        "repo": "hyprspace",
        "rev": "8f5778dffe153c0e9fda807dc488c4182359e512",
        "type": "github"
      },
      "original": {
        "owner": "hyprspace",
        "repo": "hyprspace",
        "type": "github"
      }
    },
    "ixx": {
      "inputs": {
        "flake-utils": [
          "nixvim",
          "nuschtosSearch",
          "flake-utils"
        ],
        "nixpkgs": [
          "nixvim",
          "nuschtosSearch",
          "nixpkgs"
        ]
      },
      "locked": {
        "lastModified": 1748294338,
        "narHash": "sha256-FVO01jdmUNArzBS7NmaktLdGA5qA3lUMJ4B7a05Iynw=",
        "owner": "NuschtOS",
        "repo": "ixx",
        "rev": "cc5f390f7caf265461d4aab37e98d2292ebbdb85",
        "type": "github"
      },
      "original": {
        "owner": "NuschtOS",
        "ref": "v0.0.8",
        "repo": "ixx",
        "type": "github"
      }
    },
    "ncps": {
      "flake": false,
      "locked": {
        "lastModified": 1765509973,
        "narHash": "sha256-8w1VS2dLzMrtiU6UT3pU2XNCdAci9sYztqQta0B8weA=",
        "ref": "ncps",
        "rev": "4c5dc1ba94b0649fe44a58d2e4ff0bfc2beabaf7",
        "shallow": true,
        "type": "git",
        "url": "https://git.clan.lol/TakodaS/clan-core.git"
      },
      "original": {
        "ref": "ncps",
        "shallow": true,
        "type": "git",
        "url": "https://git.clan.lol/TakodaS/clan-core.git"
      }
    },
    "nil": {
      "inputs": {
        "nixpkgs": "nixpkgs"
      },
      "locked": {
        "lastModified": 1751341694,
        "narHash": "sha256-zXag1+8iZC3H5yVFP7KhIi4ps9z8xKrFIkyaeXlZ7Uo=",
        "owner": "oxalica",
        "repo": "nil",
        "rev": "b043bfe1f3f4c4be4b688e24c5ae96e81f525805",
        "type": "github"
      },
      "original": {
        "owner": "oxalica",
        "repo": "nil",
        "type": "github"
      }
    },
    "nix": {
      "inputs": {
        "flake-compat": "flake-compat_2",
        "flake-parts": "flake-parts_6",
        "git-hooks-nix": "git-hooks-nix",
        "nixpkgs": "nixpkgs_2",
        "nixpkgs-23-11": "nixpkgs-23-11",
        "nixpkgs-regression": "nixpkgs-regression"
      },
      "locked": {
        "lastModified": 1753380114,
        "narHash": "sha256-U46fAs+j2PfWWqP1zNi1odhnV4030SQ0RoEC8Eah1OQ=",
        "rev": "ffcf5b369f2effae43a12160e9d1b2380069919c",
        "revCount": 20379,
        "type": "tarball",
        "url": "https://api.flakehub.com/f/pinned/NixOS/nix/2.30.2/019842ac-bca3-782c-811a-6d2ed79b301f/source.tar.gz"
      },
      "original": {
        "type": "tarball",
        "url": "https://flakehub.com/f/NixOS/nix/2.%2A.%2A.tar.gz"
      }
    },
    "nix-darwin": {
      "inputs": {
        "nixpkgs": [
          "clan-core",
          "nixpkgs"
        ]
      },
      "locked": {
        "lastModified": 1764161084,
        "narHash": "sha256-HN84sByg9FhJnojkGGDSrcjcbeioFWoNXfuyYfJ1kBE=",
        "owner": "nix-darwin",
        "repo": "nix-darwin",
        "rev": "e95de00a471d07435e0527ff4db092c84998698e",
        "type": "github"
      },
      "original": {
        "owner": "nix-darwin",
        "repo": "nix-darwin",
        "type": "github"
      }
    },
    "nix-heuristic-gc": {
      "inputs": {
        "flake-utils": "flake-utils",
        "nixpkgs": [
          "nixpkgs"
        ]
      },
      "locked": {
        "lastModified": 1741640917,
        "narHash": "sha256-ZuPIm11q9oBcxJoPpxyhHeuJyt4h8ruS9HRllPRodzU=",
        "owner": "risicle",
        "repo": "nix-heuristic-gc",
        "rev": "3e27f0f295041002dbe00b969c8cf73bc442ae36",
        "type": "github"
      },
      "original": {
        "owner": "risicle",
        "repo": "nix-heuristic-gc",
        "type": "github"
      }
    },
    "nix-lazy": {
      "inputs": {
        "flake-compat": "flake-compat_3",
        "flake-parts": "flake-parts_7",
        "git-hooks-nix": "git-hooks-nix_2",
        "nixfmt": "nixfmt",
        "nixpkgs": "nixpkgs_3",
        "nixpkgs-23-11": "nixpkgs-23-11_2",
        "nixpkgs-regression": "nixpkgs-regression_2"
      },
      "locked": {
        "lastModified": 1738155480,
        "narHash": "sha256-HKHWS/ZeKQXher5d91L1A6Lymsp5AQ3U7nV4/yBrL3Q=",
        "owner": "edolstra",
        "repo": "nix",
        "rev": "4952b1dd634d8f95866d0c6f986be96d7d5af2d7",
        "type": "github"
      },
      "original": {
        "owner": "edolstra",
        "ref": "lazy-trees",
        "repo": "nix",
        "type": "github"
      }
    },
    "nix-multi": {
      "inputs": {
        "flake-compat": "flake-compat_4",
        "flake-parts": "flake-parts_8",
        "git-hooks-nix": "git-hooks-nix_3",
        "nixpkgs": "nixpkgs_4",
        "nixpkgs-23-11": "nixpkgs-23-11_3",
        "nixpkgs-regression": "nixpkgs-regression_3"
      },
      "locked": {
        "lastModified": 1743433553,
        "narHash": "sha256-+IuEXUn0SqYtamCP5/YE8u3W1YdfCt23aYNRh/byBSU=",
        "ref": "multithreaded-eval",
        "rev": "e6caa9df651419ec4dd8070e77e0d78a45720d92",
        "shallow": true,
        "type": "git",
        "url": "https://github.com/DeterminateSystems/nix-src"
      },
      "original": {
        "ref": "multithreaded-eval",
        "shallow": true,
        "type": "git",
        "url": "https://github.com/DeterminateSystems/nix-src"
      }
    },
    "nix-select": {
      "locked": {
        "lastModified": 1763303120,
        "narHash": "sha256-yxcNOha7Cfv2nhVpz9ZXSNKk0R7wt4AiBklJ8D24rVg=",
        "rev": "3d1e3860bef36857a01a2ddecba7cdb0a14c35a9",
        "type": "tarball",
        "url": "https://git.clan.lol/api/v1/repos/clan/nix-select/archive/3d1e3860bef36857a01a2ddecba7cdb0a14c35a9.tar.gz"
      },
      "original": {
        "type": "tarball",
        "url": "https://git.clan.lol/clan/nix-select/archive/main.tar.gz"
      }
    },
    "nixfmt": {
      "inputs": {
        "flake-utils": "flake-utils_2"
      },
      "locked": {
        "lastModified": 1736283758,
        "narHash": "sha256-hrKhUp2V2fk/dvzTTHFqvtOg000G1e+jyIam+D4XqhA=",
        "owner": "NixOS",
        "repo": "nixfmt",
        "rev": "8d4bd690c247004d90d8554f0b746b1231fe2436",
        "type": "github"
      },
      "original": {
        "owner": "NixOS",
        "repo": "nixfmt",
        "type": "github"
      }
    },
    "nixlib": {
      "locked": {
        "lastModified": 1736643958,
        "narHash": "sha256-tmpqTSWVRJVhpvfSN9KXBvKEXplrwKnSZNAoNPf/S/s=",
        "owner": "nix-community",
        "repo": "nixpkgs.lib",
        "rev": "1418bc28a52126761c02dd3d89b2d8ca0f521181",
        "type": "github"
      },
      "original": {
        "owner": "nix-community",
        "repo": "nixpkgs.lib",
        "type": "github"
      }
    },
    "nixos-facter-modules": {
      "locked": {
        "lastModified": 1765442039,
        "narHash": "sha256-k3lYQ+A1F7aTz8HnlU++bd9t/x/NP2A4v9+x6opcVg0=",
        "owner": "nix-community",
        "repo": "nixos-facter-modules",
        "rev": "9dd775ee92de63f14edd021d59416e18ac2c00f1",
        "type": "github"
      },
      "original": {
        "owner": "nix-community",
        "repo": "nixos-facter-modules",
        "type": "github"
      }
    },
    "nixos-generators": {
      "inputs": {
        "nixlib": "nixlib",
        "nixpkgs": [
          "nixpkgs"
        ]
      },
      "locked": {
        "lastModified": 1751903740,
        "narHash": "sha256-PeSkNMvkpEvts+9DjFiop1iT2JuBpyknmBUs0Un0a4I=",
        "owner": "nix-community",
        "repo": "nixos-generators",
        "rev": "032decf9db65efed428afd2fa39d80f7089085eb",
        "type": "github"
      },
      "original": {
        "owner": "nix-community",
        "repo": "nixos-generators",
        "type": "github"
      }
    },
    "nixos-hardware": {
      "locked": {
        "lastModified": 1764440730,
        "narHash": "sha256-ZlJTNLUKQRANlLDomuRWLBCH5792x+6XUJ4YdFRjtO4=",
        "owner": "nixos",
        "repo": "nixos-hardware",
        "rev": "9154f4569b6cdfd3c595851a6ba51bfaa472d9f3",
        "type": "github"
      },
      "original": {
        "owner": "nixos",
        "repo": "nixos-hardware",
        "type": "github"
      }
    },
    "nixos-images": {
      "inputs": {
        "nixos-stable": "nixos-stable",
        "nixos-unstable": "nixos-unstable"
      },
      "locked": {
        "lastModified": 1751890720,
        "narHash": "sha256-jkEsFCFfRnOTHIrt5Gl9wIW5khxqGP3nfyM1yOUZAGk=",
        "owner": "nix-community",
        "repo": "nixos-images",
        "rev": "e87eca4cb56435a7533c7be97579cbe3fdfd4937",
        "type": "github"
      },
      "original": {
        "owner": "nix-community",
        "repo": "nixos-images",
        "type": "github"
      }
    },
    "nixos-stable": {
      "locked": {
        "lastModified": 1749237914,
        "narHash": "sha256-N5waoqWt8aMr/MykZjSErOokYH6rOsMMXu3UOVH5kiw=",
        "ref": "nixos-25.05",
        "rev": "70c74b02eac46f4e4aa071e45a6189ce0f6d9265",
        "shallow": true,
        "type": "git",
        "url": "https://github.com/NixOS/nixpkgs"
      },
      "original": {
        "ref": "nixos-25.05",
        "shallow": true,
        "type": "git",
        "url": "https://github.com/NixOS/nixpkgs"
      }
    },
    "nixos-unstable": {
      "locked": {
        "lastModified": 1749401433,
        "narHash": "sha256-HXIQzULIG/MEUW2Q/Ss47oE3QrjxvpUX7gUl4Xp6lnc=",
        "ref": "nixpkgs-unstable",
        "rev": "08fcb0dcb59df0344652b38ea6326a2d8271baff",
        "shallow": true,
        "type": "git",
        "url": "https://github.com/NixOS/nixpkgs"
      },
      "original": {
        "ref": "nixpkgs-unstable",
        "shallow": true,
        "type": "git",
        "url": "https://github.com/NixOS/nixpkgs"
      }
    },
    "nixpkgs": {
      "locked": {
        "lastModified": 1749619289,
        "narHash": "sha256-qX6gXVjaCXXbcn6A9eSLUf8Fm07MgPGe5ir3++y2O1Q=",
        "owner": "NixOS",
        "repo": "nixpkgs",
        "rev": "f72be405a10668b8b00937b452f2145244103ebc",
        "type": "github"
      },
      "original": {
        "owner": "NixOS",
        "ref": "nixpkgs-unstable",
        "repo": "nixpkgs",
        "type": "github"
      }
    },
    "nixpkgs-23-11": {
      "locked": {
        "lastModified": 1717159533,
        "narHash": "sha256-oamiKNfr2MS6yH64rUn99mIZjc45nGJlj9eGth/3Xuw=",
        "owner": "NixOS",
        "repo": "nixpkgs",
        "rev": "a62e6edd6d5e1fa0329b8653c801147986f8d446",
        "type": "github"
      },
      "original": {
        "owner": "NixOS",
        "repo": "nixpkgs",
        "rev": "a62e6edd6d5e1fa0329b8653c801147986f8d446",
        "type": "github"
      }
    },
    "nixpkgs-23-11_2": {
      "locked": {
        "lastModified": 1717159533,
        "narHash": "sha256-oamiKNfr2MS6yH64rUn99mIZjc45nGJlj9eGth/3Xuw=",
        "owner": "NixOS",
        "repo": "nixpkgs",
        "rev": "a62e6edd6d5e1fa0329b8653c801147986f8d446",
        "type": "github"
      },
      "original": {
        "owner": "NixOS",
        "repo": "nixpkgs",
        "rev": "a62e6edd6d5e1fa0329b8653c801147986f8d446",
        "type": "github"
      }
    },
    "nixpkgs-23-11_3": {
      "locked": {
        "lastModified": 1717159533,
        "narHash": "sha256-oamiKNfr2MS6yH64rUn99mIZjc45nGJlj9eGth/3Xuw=",
        "owner": "NixOS",
        "repo": "nixpkgs",
        "rev": "a62e6edd6d5e1fa0329b8653c801147986f8d446",
        "type": "github"
      },
      "original": {
        "owner": "NixOS",
        "repo": "nixpkgs",
        "rev": "a62e6edd6d5e1fa0329b8653c801147986f8d446",
        "type": "github"
      }
    },
    "nixpkgs-regression": {
      "locked": {
        "lastModified": 1643052045,
        "narHash": "sha256-uGJ0VXIhWKGXxkeNnq4TvV3CIOkUJ3PAoLZ3HMzNVMw=",
        "owner": "NixOS",
        "repo": "nixpkgs",
        "rev": "215d4d0fd80ca5163643b03a33fde804a29cc1e2",
        "type": "github"
      },
      "original": {
        "owner": "NixOS",
        "repo": "nixpkgs",
        "rev": "215d4d0fd80ca5163643b03a33fde804a29cc1e2",
        "type": "github"
      }
    },
    "nixpkgs-regression_2": {
      "locked": {
        "lastModified": 1643052045,
        "narHash": "sha256-uGJ0VXIhWKGXxkeNnq4TvV3CIOkUJ3PAoLZ3HMzNVMw=",
        "owner": "NixOS",
        "repo": "nixpkgs",
        "rev": "215d4d0fd80ca5163643b03a33fde804a29cc1e2",
        "type": "github"
      },
      "original": {
        "owner": "NixOS",
        "repo": "nixpkgs",
        "rev": "215d4d0fd80ca5163643b03a33fde804a29cc1e2",
        "type": "github"
      }
    },
    "nixpkgs-regression_3": {
      "locked": {
        "lastModified": 1643052045,
        "narHash": "sha256-uGJ0VXIhWKGXxkeNnq4TvV3CIOkUJ3PAoLZ3HMzNVMw=",
        "owner": "NixOS",
        "repo": "nixpkgs",
        "rev": "215d4d0fd80ca5163643b03a33fde804a29cc1e2",
        "type": "github"
      },
      "original": {
        "owner": "NixOS",
        "repo": "nixpkgs",
        "rev": "215d4d0fd80ca5163643b03a33fde804a29cc1e2",
        "type": "github"
      }
    },
    "nixpkgs_2": {
      "locked": {
        "lastModified": 1747179050,
        "narHash": "sha256-qhFMmDkeJX9KJwr5H32f1r7Prs7XbQWtO0h3V0a0rFY=",
        "owner": "NixOS",
        "repo": "nixpkgs",
        "rev": "adaa24fbf46737f3f1b5497bf64bae750f82942e",
        "type": "github"
      },
      "original": {
        "owner": "NixOS",
        "ref": "nixos-unstable",
        "repo": "nixpkgs",
        "type": "github"
      }
    },
    "nixpkgs_3": {
      "locked": {
        "lastModified": 1734359947,
        "narHash": "sha256-1Noao/H+N8nFB4Beoy8fgwrcOQLVm9o4zKW1ODaqK9E=",
        "owner": "NixOS",
        "repo": "nixpkgs",
        "rev": "48d12d5e70ee91fe8481378e540433a7303dbf6a",
        "type": "github"
      },
      "original": {
        "owner": "NixOS",
        "ref": "release-24.11",
        "repo": "nixpkgs",
        "type": "github"
      }
    },
    "nixpkgs_4": {
      "locked": {
        "lastModified": 1734359947,
        "narHash": "sha256-1Noao/H+N8nFB4Beoy8fgwrcOQLVm9o4zKW1ODaqK9E=",
        "owner": "NixOS",
        "repo": "nixpkgs",
        "rev": "48d12d5e70ee91fe8481378e540433a7303dbf6a",
        "type": "github"
      },
      "original": {
        "owner": "NixOS",
        "ref": "release-24.11",
        "repo": "nixpkgs",
        "type": "github"
      }
    },
    "nixpkgs_5": {
      "locked": {
        "lastModified": 1767379071,
        "narHash": "sha256-EgE0pxsrW9jp9YFMkHL9JMXxcqi/OoumPJYwf+Okucw=",
        "ref": "nixos-unstable",
        "rev": "fb7944c166a3b630f177938e478f0378e64ce108",
        "shallow": true,
        "type": "git",
        "url": "https://github.com/nixos/nixpkgs"
      },
      "original": {
        "ref": "nixos-unstable",
        "shallow": true,
        "type": "git",
        "url": "https://github.com/nixos/nixpkgs"
      }
    },
    "nixvim": {
      "inputs": {
        "flake-parts": "flake-parts_9",
        "nixpkgs": [
          "nixpkgs"
        ],
        "nuschtosSearch": "nuschtosSearch",
        "systems": "systems_5"
      },
      "locked": {
        "lastModified": 1751904655,
        "narHash": "sha256-lHAj9Xh/vBf3cXns1wN5HPw/zwGTO/Uv/ttloBok1n4=",
        "owner": "nix-community",
        "repo": "nixvim",
        "rev": "bc997a240953bda9fa526e8a3d6f798a6072308a",
        "type": "github"
      },
      "original": {
        "owner": "nix-community",
        "repo": "nixvim",
        "type": "github"
      }
    },
    "nur": {
      "inputs": {
        "flake-parts": [
          "stylix",
          "flake-parts"
        ],
        "nixpkgs": [
          "stylix",
          "nixpkgs"
        ],
        "treefmt-nix": "treefmt-nix_4"
      },
      "locked": {
        "lastModified": 1748730660,
        "narHash": "sha256-5LKmRYKdPuhm8j5GFe3AfrJL8dd8o57BQ34AGjJl1R0=",
        "owner": "nix-community",
        "repo": "NUR",
        "rev": "2c0bc52fe14681e9ef60e3553888c4f086e46ecb",
        "type": "github"
      },
      "original": {
        "owner": "nix-community",
        "repo": "NUR",
        "type": "github"
      }
    },
    "nuschtosSearch": {
      "inputs": {
        "flake-utils": "flake-utils_3",
        "ixx": "ixx",
        "nixpkgs": [
          "nixvim",
          "nixpkgs"
        ]
      },
      "locked": {
        "lastModified": 1749730855,
        "narHash": "sha256-L3x2nSlFkXkM6tQPLJP3oCBMIsRifhIDPMQQdHO5xWo=",
        "owner": "NuschtOS",
        "repo": "search",
        "rev": "8dfe5879dd009ff4742b668d9c699bc4b9761742",
        "type": "github"
      },
      "original": {
        "owner": "NuschtOS",
        "repo": "search",
        "type": "github"
      }
    },
    "retiolum": {
      "locked": {
        "lastModified": 1751224387,
        "narHash": "sha256-fcbWK7Yuovn1ilj4BOK0cya8wJAF/OgbO4OmO53OO+0=",
        "owner": "mic92",
        "repo": "retiolum",
        "rev": "596f6edd3750e7a23f53babd8e78b99486db2345",
        "type": "github"
      },
      "original": {
        "owner": "mic92",
        "repo": "retiolum",
        "type": "github"
      }
    },
    "root": {
      "inputs": {
        "buildbot-nix": "buildbot-nix",
        "clan-core": "clan-core",
        "disko": "disko_2",
        "easytier": "easytier",
        "envfs": "envfs",
        "flake-compat": "flake-compat",
        "flake-parts": "flake-parts_4",
        "home-manager": "home-manager",
        "hyprspace": "hyprspace",
        "ncps": "ncps",
        "nil": "nil",
        "nix": "nix",
        "nix-heuristic-gc": "nix-heuristic-gc",
        "nix-lazy": "nix-lazy",
        "nix-multi": "nix-multi",
        "nixos-generators": "nixos-generators",
        "nixos-hardware": "nixos-hardware",
        "nixos-images": "nixos-images",
        "nixpkgs": "nixpkgs_5",
        "nixpkgs-riscv": [
          "nixpkgs"
        ],
        "nixvim": "nixvim",
        "retiolum": "retiolum",
        "srvos": "srvos",
        "stylix": "stylix"
      }
    },
    "sops-nix": {
      "inputs": {
        "nixpkgs": [
          "clan-core",
          "nixpkgs"
        ]
      },
      "locked": {
        "lastModified": 1765836173,
        "narHash": "sha256-hWRYfdH2ONI7HXbqZqW8Q1y9IRbnXWvtvt/ONZovSNY=",
        "owner": "Mic92",
        "repo": "sops-nix",
        "rev": "443a7f2e7e118c4fc63b7fae05ab3080dd0e5c63",
        "type": "github"
      },
      "original": {
        "owner": "Mic92",
        "repo": "sops-nix",
        "type": "github"
      }
    },
    "srvos": {
      "inputs": {
        "nixpkgs": [
          "nixpkgs"
        ]
      },
      "locked": {
        "lastModified": 1759366584,
        "narHash": "sha256-GoeShBq/+xv9g9POP69vbOrObpLtS/mDfF1/pfPIQrU=",
        "owner": "nix-community",
        "repo": "srvos",
        "rev": "1dbb22b9b15f449a7c8c92a94aec9fe5aea8ef7c",
        "type": "github"
      },
      "original": {
        "owner": "nix-community",
        "repo": "srvos",
        "type": "github"
      }
    },
    "stylix": {
      "inputs": {
        "base16": "base16",
        "base16-fish": "base16-fish",
        "base16-helix": "base16-helix",
        "base16-vim": "base16-vim",
        "firefox-gnome-theme": "firefox-gnome-theme",
        "flake-parts": "flake-parts_10",
        "gnome-shell": "gnome-shell",
        "nixpkgs": [
          "nixpkgs"
        ],
        "nur": "nur",
        "systems": "systems_6",
        "tinted-foot": "tinted-foot",
        "tinted-kitty": "tinted-kitty",
        "tinted-schemes": "tinted-schemes",
        "tinted-tmux": "tinted-tmux",
        "tinted-zed": "tinted-zed"
      },
      "locked": {
        "lastModified": 1751914048,
        "narHash": "sha256-xHO3xlw35tCC0f3pN3osPNjgwwwAgusTuZk5iC8oDiE=",
        "owner": "nix-community",
        "repo": "stylix",
        "rev": "bf0ef81c8fcc30c32db9dab32d379f8d9db835e4",
        "type": "github"
      },
      "original": {
        "owner": "nix-community",
        "repo": "stylix",
        "type": "github"
      }
    },
    "systems": {
      "locked": {
        "lastModified": 1681028828,
        "narHash": "sha256-Vy1rq5AaRuLzOxct8nz4T6wlgyUR7zLU309k9mBC768=",
        "owner": "nix-systems",
        "repo": "default",
        "rev": "da67096a3b9bf56a91d16901293e51ba5b49a27e",
        "type": "github"
      },
      "original": {
        "owner": "nix-systems",
        "repo": "default",
        "type": "github"
      }
    },
    "systems_2": {
      "locked": {
        "lastModified": 1681028828,
        "narHash": "sha256-Vy1rq5AaRuLzOxct8nz4T6wlgyUR7zLU309k9mBC768=",
        "owner": "nix-systems",
        "repo": "default",
        "rev": "da67096a3b9bf56a91d16901293e51ba5b49a27e",
        "type": "github"
      },
      "original": {
        "owner": "nix-systems",
        "repo": "default",
        "type": "github"
      }
    },
    "systems_3": {
      "locked": {
        "lastModified": 1681028828,
        "narHash": "sha256-Vy1rq5AaRuLzOxct8nz4T6wlgyUR7zLU309k9mBC768=",
        "owner": "nix-systems",
        "repo": "default",
        "rev": "da67096a3b9bf56a91d16901293e51ba5b49a27e",
        "type": "github"
      },
      "original": {
        "owner": "nix-systems",
        "repo": "default",
        "type": "github"
      }
    },
    "systems_4": {
      "locked": {
        "lastModified": 1681028828,
        "narHash": "sha256-Vy1rq5AaRuLzOxct8nz4T6wlgyUR7zLU309k9mBC768=",
        "owner": "nix-systems",
        "repo": "default",
        "rev": "da67096a3b9bf56a91d16901293e51ba5b49a27e",
        "type": "github"
      },
      "original": {
        "owner": "nix-systems",
        "repo": "default",
        "type": "github"
      }
    },
    "systems_5": {
      "locked": {
        "lastModified": 1681028828,
        "narHash": "sha256-Vy1rq5AaRuLzOxct8nz4T6wlgyUR7zLU309k9mBC768=",
        "owner": "nix-systems",
        "repo": "default",
        "rev": "da67096a3b9bf56a91d16901293e51ba5b49a27e",
        "type": "github"
      },
      "original": {
        "owner": "nix-systems",
        "repo": "default",
        "type": "github"
      }
    },
    "systems_6": {
      "locked": {
        "lastModified": 1681028828,
        "narHash": "sha256-Vy1rq5AaRuLzOxct8nz4T6wlgyUR7zLU309k9mBC768=",
        "owner": "nix-systems",
        "repo": "default",
        "rev": "da67096a3b9bf56a91d16901293e51ba5b49a27e",
        "type": "github"
      },
      "original": {
        "owner": "nix-systems",
        "repo": "default",
        "type": "github"
      }
    },
    "tinted-foot": {
      "flake": false,
      "locked": {
        "lastModified": 1726913040,
        "narHash": "sha256-+eDZPkw7efMNUf3/Pv0EmsidqdwNJ1TaOum6k7lngDQ=",
        "owner": "tinted-theming",
        "repo": "tinted-foot",
        "rev": "fd1b924b6c45c3e4465e8a849e67ea82933fcbe4",
        "type": "github"
      },
      "original": {
        "owner": "tinted-theming",
        "repo": "tinted-foot",
        "rev": "fd1b924b6c45c3e4465e8a849e67ea82933fcbe4",
        "type": "github"
      }
    },
    "tinted-kitty": {
      "flake": false,
      "locked": {
        "lastModified": 1735730497,
        "narHash": "sha256-4KtB+FiUzIeK/4aHCKce3V9HwRvYaxX+F1edUrfgzb8=",
        "owner": "tinted-theming",
        "repo": "tinted-kitty",
        "rev": "de6f888497f2c6b2279361bfc790f164bfd0f3fa",
        "type": "github"
      },
      "original": {
        "owner": "tinted-theming",
        "repo": "tinted-kitty",
        "type": "github"
      }
    },
    "tinted-schemes": {
      "flake": false,
      "locked": {
        "lastModified": 1748180480,
        "narHash": "sha256-7n0XiZiEHl2zRhDwZd/g+p38xwEoWtT0/aESwTMXWG4=",
        "owner": "tinted-theming",
        "repo": "schemes",
        "rev": "87d652edd26f5c0c99deda5ae13dfb8ece2ffe31",
        "type": "github"
      },
      "original": {
        "owner": "tinted-theming",
        "repo": "schemes",
        "type": "github"
      }
    },
    "tinted-tmux": {
      "flake": false,
      "locked": {
        "lastModified": 1748740859,
        "narHash": "sha256-OEM12bg7F4N5WjZOcV7FHJbqRI6jtCqL6u8FtPrlZz4=",
        "owner": "tinted-theming",
        "repo": "tinted-tmux",
        "rev": "57d5f9683ff9a3b590643beeaf0364da819aedda",
        "type": "github"
      },
      "original": {
        "owner": "tinted-theming",
        "repo": "tinted-tmux",
        "type": "github"
      }
    },
    "tinted-zed": {
      "flake": false,
      "locked": {
        "lastModified": 1725758778,
        "narHash": "sha256-8P1b6mJWyYcu36WRlSVbuj575QWIFZALZMTg5ID/sM4=",
        "owner": "tinted-theming",
        "repo": "base16-zed",
        "rev": "122c9e5c0e6f27211361a04fae92df97940eccf9",
        "type": "github"
      },
      "original": {
        "owner": "tinted-theming",
        "repo": "base16-zed",
        "type": "github"
      }
    },
    "treefmt-nix": {
      "inputs": {
        "nixpkgs": [
          "buildbot-nix",
          "nixpkgs"
        ]
      },
      "locked": {
        "lastModified": 1758728421,
        "narHash": "sha256-ySNJ008muQAds2JemiyrWYbwbG+V7S5wg3ZVKGHSFu8=",
        "owner": "numtide",
        "repo": "treefmt-nix",
        "rev": "5eda4ee8121f97b218f7cc73f5172098d458f1d1",
        "type": "github"
      },
      "original": {
        "owner": "numtide",
        "repo": "treefmt-nix",
        "type": "github"
      }
    },
    "treefmt-nix_2": {
      "inputs": {
        "nixpkgs": [
          "clan-core",
          "nixpkgs"
        ]
      },
      "locked": {
        "lastModified": 1762938485,
        "narHash": "sha256-AlEObg0syDl+Spi4LsZIBrjw+snSVU4T8MOeuZJUJjM=",
        "owner": "numtide",
        "repo": "treefmt-nix",
        "rev": "5b4ee75aeefd1e2d5a1cc43cf6ba65eba75e83e4",
        "type": "github"
      },
      "original": {
        "owner": "numtide",
        "repo": "treefmt-nix",
        "type": "github"
      }
    },
    "treefmt-nix_3": {
      "inputs": {
        "nixpkgs": [
          "envfs",
          "nixpkgs"
        ]
      },
      "locked": {
        "lastModified": 1710781103,
        "narHash": "sha256-nehQK/XTFxfa6rYKtbi8M1w+IU1v5twYhiyA4dg1vpg=",
        "owner": "numtide",
        "repo": "treefmt-nix",
        "rev": "7ee5aaac63c30d3c97a8c56efe89f3b2aa9ae564",
        "type": "github"
      },
      "original": {
        "owner": "numtide",
        "repo": "treefmt-nix",
        "type": "github"
      }
    },
    "treefmt-nix_4": {
      "inputs": {
        "nixpkgs": [
          "stylix",
          "nur",
          "nixpkgs"
        ]
      },
      "locked": {
        "lastModified": 1733222881,
        "narHash": "sha256-JIPcz1PrpXUCbaccEnrcUS8jjEb/1vJbZz5KkobyFdM=",
        "owner": "numtide",
        "repo": "treefmt-nix",
        "rev": "49717b5af6f80172275d47a418c9719a31a78b53",
        "type": "github"
      },
      "original": {
        "owner": "numtide",
        "repo": "treefmt-nix",
        "type": "github"
      }
    }
  },
  "root": "root",
  "version": 7
}
