{
  "nodes": {
    "flake-parts": {
      "locked": {
        "lastModified": 1,
        "narHash": "sha256-zzzzzzzzzzzzzzzzzzzzzzzzzzzzzzzzzzzzzzzzzzz=",
        "owner": "hercules-ci",
        "repo": "flake-parts",
        "rev": "aaaaaaaaaaaaaaaaaaaaaaaaaaaaaaaaaaaaaaaa",
        "type": "github"
      },
      "original": {
        "owner": "hercules-ci",
        "repo": "flake-parts",
        "type": "github"
      }
    },
    "nix": {
      "inputs": {
        "flake-compat": [],
        "flake-parts": "flake-parts",
        "git-hooks-nix": [],
        "nixpkgs": [
          "nixpkgs"
        ],
        "nixpkgs-23-11": [],
        "nixpkgs-regression": []
      },
      "locked": {
        "lastModified": 1,
        "narHash": "sha256-yyyyyyyyyyyyyyyyyyyyyyyyyyyyyyyyyyyyyyyyyyy=",
        "owner": "NixOS",
        "repo": "nix",
        "rev": "bbbbbbbbbbbbbbbbbbbbbbbbbbbbbbbbbbbbbbbb",
        "type": "github"
      },
      "original": {
        "owner": "NixOS",
        "repo": "nix",
        "type": "github"
      }
    },
    "nixpkgs": {
      "locked": {
        "lastModified": 1,
        "narHash": "sha256-xxxxxxxxxxxxxxxxxxxxxxxxxxxxxxxxxxxxxxxxxxx=",
        "owner": "NixOS",
        "repo": "nixpkgs",
        "rev": "cccccccccccccccccccccccccccccccccccccccc",
        "type": "github"
      },
      "original": {
        "owner": "NixOS",
        "ref": "nixos-unstable",
        "repo": "nixpkgs",
        "type": "github"
      }
    },
    "root": {
      "inputs": {
        "nix": "nix",
        "nixpkgs": "nixpkgs"
      }
    }
  },
  "root": "root",
  "version": 7
}
