{
  "nodes": {
    "flake-utils": {
      "locked": {
        "lastModified": 1700000000,
        "narHash": "sha256-AAAAAAAAAAAAAAAAAAAAAAAAAAAAAAAAAAAAAAAAAAA=",
        "owner": "numtide",
        "repo": "flake-utils",
        "rev": "0000000000000000000000000000000000000000",
        "type": "github"
      },
      "original": {
        "owner": "numtide",
        "repo": "flake-utils",
        "type": "github"
      }
    },
    "nixpkgs": {
      "locked": {
        "lastModified": 1700000000,
        "narHash": "sha256-AAAAAAAAAAAAAAAAAAAAAAAAAAAAAAAAAAAAAAAAAAA=",
        "owner": "NixOS",
        "repo": "nixpkgs",
        "rev": "0000000000000000000000000000000000000000",
        "type": "github"
      },
      "original": {
        "owner": "NixOS",
        "ref": "nixos-unstable",
        "repo": "nixpkgs",
        "type": "github"
      }
    },
    "extra": {
      "inputs": {
        "nixpkgs": [
          "nixpkgs"
        ]
      },
      "locked": {
        "lastModified": 1700000000,
        "narHash": "sha256-AAAAAAAAAAAAAAAAAAAAAAAAAAAAAAAAAAAAAAAAAAA=",
        "owner": "foo",
        "repo": "extra",
        "rev": "0000000000000000000000000000000000000000",
        "type": "github"
      },
      "original": {
        "owner": "foo",
        "repo": "extra",
        "type": "github"
      }
    },
    "root": {
      "inputs": {
        "flake-utils": "flake-utils",
        "nixpkgs": "nixpkgs",
        "extra": "extra"
      }
    }
  },
  "root": "root",
  "version": 7
}
