{
  "nodes": {
    "foo": {
      "locked": {
        "lastModified": 1,
        "narHash": "sha256-FFFFFFFFFFFFFFFFFFFFFFFFFFFFFFFFFFFFFFFFFFA=",
        "owner": "example",
        "repo": "foo",
        "rev": "1111111111111111111111111111111111111111",
        "type": "github"
      },
      "original": {
        "owner": "example",
        "repo": "foo",
        "type": "github"
      }
    },
    "nixpkgs": {
      "locked": {
        "lastModified": 1,
        "narHash": "sha256-NNNNNNNNNNNNNNNNNNNNNNNNNNNNNNNNNNNNNNNNNNA=",
        "owner": "NixOS",
        "repo": "nixpkgs",
        "rev": "3333333333333333333333333333333333333333",
        "type": "github"
      },
      "original": {
        "owner": "NixOS",
        "ref": "nixos-unstable",
        "repo": "nixpkgs",
        "type": "github"
      }
    },
    "root": {
      "inputs": {
        "foo": "foo",
        "nixpkgs": "nixpkgs"
      }
    }
  },
  "root": "root",
  "version": 7
}
