{
  "nodes": {
    "nixpkgs": {
      "locked": {
        "lastModified": 1234567890,
        "narHash": "sha256-test",
        "owner": "nixos",
        "repo": "nixpkgs",
        "rev": "test",
        "type": "github"
      },
      "original": {
        "owner": "nixos",
        "ref": "nixos-unstable",
        "repo": "nixpkgs",
        "type": "github"
      }
    },
    "root": {
      "inputs": {
        "nixpkgs": "nixpkgs"
      }
    }
  },
  "root": "root",
  "version": 7
}